{
  "nodes": {
    "nixpkgs": {
      "locked": {
        "lastModified": 1687209598,
        "narHash": "sha256-+jN8FDZXTZEioVFTQPFeFHUqxyAlnZDbrLn/iwdcBAk=",
        "owner": "NixOS",
        "repo": "nixpkgs",
        "rev": "0e9bb5023a623e05f2145f076c8ab746da6ec414",
        "type": "github"
      },
      "original": {
        "owner": "NixOS",
        "repo": "nixpkgs",
        "type": "github"
      }
    },
    "root": {
      "inputs": {
        "nixpkgs": "nixpkgs"
      }
    }
  },
  "root": "root",
  "version": 7
}
